{
  "nodes": {
    "nixpkgs": {
      "locked": {
        "lastModified": 1604699143,
        "narHash": "sha256-1DMbwJAZohDfeNdKDBNF4rmsieybHf7BdrGfsAfWq+Y=",
        "owner": "NixOS",
        "repo": "nixpkgs",
        "rev": "f6d0d8c265caed8620d799a0a2817d6f0e757f20",
        "type": "github"
      },
      "original": {
        "id": "nixpkgs",
        "type": "indirect"
      }
    },
    "root": {
      "inputs": {
        "nixpkgs": "nixpkgs"
      }
    }
  },
  "root": "root",
  "version": 7
}
